
Microsoft Visual Studio Solution File, Format Version 12.00
# Visual Studio Version 16
VisualStudioVersion = 16.0.32106.194
MinimumVisualStudioVersion = 10.0.40219.1
Project("{FAE04EC0-301F-11D3-BF4B-00C04F79EFBC}") = "SHABAEIKO_ORGANIC_FARM", "SHABAEIKO_ORGANIC_FARM\SHABAEIKO_ORGANIC_FARM.csproj", "{C91AD438-763D-45D8-BFE1-2BE57A3C950D}"
EndProject
Global
	GlobalSection(SolutionConfigurationPlatforms) = preSolution
		Debug|Any CPU = Debug|Any CPU
		Release|Any CPU = Release|Any CPU
	EndGlobalSection
	GlobalSection(ProjectConfigurationPlatforms) = postSolution
		{C91AD438-763D-45D8-BFE1-2BE57A3C950D}.Debug|Any CPU.ActiveCfg = Debug|Any CPU
		{C91AD438-763D-45D8-BFE1-2BE57A3C950D}.Debug|Any CPU.Build.0 = Debug|Any CPU
		{C91AD438-763D-45D8-BFE1-2BE57A3C950D}.Release|Any CPU.ActiveCfg = Release|Any CPU
		{C91AD438-763D-45D8-BFE1-2BE57A3C950D}.Release|Any CPU.Build.0 = Release|Any CPU
	EndGlobalSection
	GlobalSection(SolutionProperties) = preSolution
		HideSolutionNode = FALSE
	EndGlobalSection
	GlobalSection(ExtensibilityGlobals) = postSolution
		SolutionGuid = {EB7D87EB-B382-4182-9398-73E5761F6899}
	EndGlobalSection
EndGlobal
